
Microsoft Visual Studio Solution File, Format Version 12.00
# Visual Studio Version 17
VisualStudioVersion = 17.3.32929.385
MinimumVisualStudioVersion = 10.0.40219.1
Project("{FAE04EC0-301F-11D3-BF4B-00C04F79EFBC}") = "API", "API\API.csproj", "{5F54962D-8847-45F1-886E-2F630AC2FB8D}"
	ProjectSection(ProjectDependencies) = postProject
		{57597FB3-8F17-4C98-BF6D-DA15108805D0} = {57597FB3-8F17-4C98-BF6D-DA15108805D0}
		{EF168731-2EEC-4569-A65A-7752CA5632F5} = {EF168731-2EEC-4569-A65A-7752CA5632F5}
	EndProjectSection
EndProject
Project("{FAE04EC0-301F-11D3-BF4B-00C04F79EFBC}") = "DataCore", "DataCore\DataCore.csproj", "{89EC4436-E855-4958-9BE0-F74AEF2B5C97}"
EndProject
Project("{FAE04EC0-301F-11D3-BF4B-00C04F79EFBC}") = "Modelos", "Modelos\Modelos.csproj", "{EF168731-2EEC-4569-A65A-7752CA5632F5}"
EndProject
Project("{FAE04EC0-301F-11D3-BF4B-00C04F79EFBC}") = "Negocio", "Negocio\Negocio.csproj", "{57597FB3-8F17-4C98-BF6D-DA15108805D0}"
	ProjectSection(ProjectDependencies) = postProject
		{EF168731-2EEC-4569-A65A-7752CA5632F5} = {EF168731-2EEC-4569-A65A-7752CA5632F5}
	EndProjectSection
EndProject
Global
	GlobalSection(SolutionConfigurationPlatforms) = preSolution
		Debug|Any CPU = Debug|Any CPU
		Release|Any CPU = Release|Any CPU
	EndGlobalSection
	GlobalSection(ProjectConfigurationPlatforms) = postSolution
		{5F54962D-8847-45F1-886E-2F630AC2FB8D}.Debug|Any CPU.ActiveCfg = Debug|Any CPU
		{5F54962D-8847-45F1-886E-2F630AC2FB8D}.Debug|Any CPU.Build.0 = Debug|Any CPU
		{5F54962D-8847-45F1-886E-2F630AC2FB8D}.Release|Any CPU.ActiveCfg = Release|Any CPU
		{5F54962D-8847-45F1-886E-2F630AC2FB8D}.Release|Any CPU.Build.0 = Release|Any CPU
		{89EC4436-E855-4958-9BE0-F74AEF2B5C97}.Debug|Any CPU.ActiveCfg = Debug|Any CPU
		{89EC4436-E855-4958-9BE0-F74AEF2B5C97}.Debug|Any CPU.Build.0 = Debug|Any CPU
		{89EC4436-E855-4958-9BE0-F74AEF2B5C97}.Release|Any CPU.ActiveCfg = Release|Any CPU
		{89EC4436-E855-4958-9BE0-F74AEF2B5C97}.Release|Any CPU.Build.0 = Release|Any CPU
		{EF168731-2EEC-4569-A65A-7752CA5632F5}.Debug|Any CPU.ActiveCfg = Debug|Any CPU
		{EF168731-2EEC-4569-A65A-7752CA5632F5}.Debug|Any CPU.Build.0 = Debug|Any CPU
		{EF168731-2EEC-4569-A65A-7752CA5632F5}.Release|Any CPU.ActiveCfg = Release|Any CPU
		{EF168731-2EEC-4569-A65A-7752CA5632F5}.Release|Any CPU.Build.0 = Release|Any CPU
		{57597FB3-8F17-4C98-BF6D-DA15108805D0}.Debug|Any CPU.ActiveCfg = Debug|Any CPU
		{57597FB3-8F17-4C98-BF6D-DA15108805D0}.Debug|Any CPU.Build.0 = Debug|Any CPU
		{57597FB3-8F17-4C98-BF6D-DA15108805D0}.Release|Any CPU.ActiveCfg = Release|Any CPU
		{57597FB3-8F17-4C98-BF6D-DA15108805D0}.Release|Any CPU.Build.0 = Release|Any CPU
	EndGlobalSection
	GlobalSection(SolutionProperties) = preSolution
		HideSolutionNode = FALSE
	EndGlobalSection
	GlobalSection(ExtensibilityGlobals) = postSolution
		SolutionGuid = {74EB726C-3632-4F64-AEC4-88DAE7A1E674}
	EndGlobalSection
EndGlobal
